
Microsoft Visual Studio Solution File, Format Version 12.00
# Visual Studio 15
Project("{FAE04EC0-301F-11D3-BF4B-00C04F79EFBC}") = "UnityEngine.UI", "UnityEngine.UI.csproj", "{25B091B2-5BFE-513F-B792-CA21ABEC489A}"
EndProject
Project("{FAE04EC0-301F-11D3-BF4B-00C04F79EFBC}") = "UnityEngine.TestRunner", "UnityEngine.TestRunner.csproj", "{E074CAB0-BB89-27D1-E404-D19741A8D494}"
EndProject
Project("{FAE04EC0-301F-11D3-BF4B-00C04F79EFBC}") = "Unity.Mathematics", "Unity.Mathematics.csproj", "{EF551135-81DC-272B-08DB-E9287CC0CA54}"
EndProject
Project("{FAE04EC0-301F-11D3-BF4B-00C04F79EFBC}") = "Unity.Timeline", "Unity.Timeline.csproj", "{B387E6A6-6864-FE91-B7D8-F1236155AA45}"
EndProject
Project("{FAE04EC0-301F-11D3-BF4B-00C04F79EFBC}") = "Unity.TextMeshPro", "Unity.TextMeshPro.csproj", "{D658A22C-BCAB-0167-8C57-4F7337183601}"
EndProject
Project("{FAE04EC0-301F-11D3-BF4B-00C04F79EFBC}") = "Unity.2D.Animation.Runtime", "Unity.2D.Animation.Runtime.csproj", "{175EFA3A-B44E-C572-1EA7-6D08748F0272}"
EndProject
Project("{FAE04EC0-301F-11D3-BF4B-00C04F79EFBC}") = "Unity.2D.IK.Runtime", "Unity.2D.IK.Runtime.csproj", "{705D7CA7-221D-B63C-79FB-129AFEFD6A6E}"
EndProject
Project("{FAE04EC0-301F-11D3-BF4B-00C04F79EFBC}") = "Unity.2D.SpriteShape.Runtime", "Unity.2D.SpriteShape.Runtime.csproj", "{745BA62D-2674-6318-2E05-CB06BAABB0A4}"
EndProject
Project("{FAE04EC0-301F-11D3-BF4B-00C04F79EFBC}") = "Assembly-CSharp", "Assembly-CSharp.csproj", "{94EF54E2-07B9-9DB2-5D28-E5A016B72F4D}"
EndProject
Project("{FAE04EC0-301F-11D3-BF4B-00C04F79EFBC}") = "Unity.2D.PixelPerfect", "Unity.2D.PixelPerfect.csproj", "{E5CFB313-3965-DEC7-62A5-29129352FA4E}"
EndProject
Project("{FAE04EC0-301F-11D3-BF4B-00C04F79EFBC}") = "Unity.2D.Common.Runtime", "Unity.2D.Common.Runtime.csproj", "{F9627333-F763-0C90-B49B-309083E1BE29}"
EndProject
Project("{FAE04EC0-301F-11D3-BF4B-00C04F79EFBC}") = "Unity.InternalAPIEngineBridge.001", "Unity.InternalAPIEngineBridge.001.csproj", "{7DD3F6C1-1B4B-AAE6-A948-BB80428C2125}"
EndProject
Project("{FAE04EC0-301F-11D3-BF4B-00C04F79EFBC}") = "UnityEditor.TestRunner", "UnityEditor.TestRunner.csproj", "{7AF29CA2-71F1-8A29-47D2-647A7320F295}"
EndProject
Project("{FAE04EC0-301F-11D3-BF4B-00C04F79EFBC}") = "Unity.PlasticSCM.Editor", "Unity.PlasticSCM.Editor.csproj", "{F58208B4-40CB-9439-9419-7246B4CDD87A}"
EndProject
Project("{FAE04EC0-301F-11D3-BF4B-00C04F79EFBC}") = "Unity.2D.Animation.Triangle.Editor", "Unity.2D.Animation.Triangle.Editor.csproj", "{B673F938-3812-F403-DD81-B6D59DFA3D4F}"
EndProject
Project("{FAE04EC0-301F-11D3-BF4B-00C04F79EFBC}") = "UnityEditor.UI", "UnityEditor.UI.csproj", "{63044EF0-F4C4-AB29-E94F-2F8E3B051810}"
EndProject
Project("{FAE04EC0-301F-11D3-BF4B-00C04F79EFBC}") = "Unity.Services.Core.Editor", "Unity.Services.Core.Editor.csproj", "{6D490B4E-2D30-6114-930B-E9D9C57C888B}"
EndProject
Project("{FAE04EC0-301F-11D3-BF4B-00C04F79EFBC}") = "Unity.Timeline.Editor", "Unity.Timeline.Editor.csproj", "{36FFE77F-4C58-BA0E-824E-BA9F5504EC35}"
EndProject
Project("{FAE04EC0-301F-11D3-BF4B-00C04F79EFBC}") = "Unity.VisualStudio.Editor", "Unity.VisualStudio.Editor.csproj", "{A4A45DC3-BE5C-A4E0-7B0B-D758F5F00C21}"
EndProject
Project("{FAE04EC0-301F-11D3-BF4B-00C04F79EFBC}") = "Unity.2D.Psdimporter.Editor", "Unity.2D.Psdimporter.Editor.csproj", "{D00F7675-250A-E1B1-3307-AABB0C116FCA}"
EndProject
Project("{FAE04EC0-301F-11D3-BF4B-00C04F79EFBC}") = "Unity.2D.Animation.Editor", "Unity.2D.Animation.Editor.csproj", "{00A96018-9340-969F-E639-1ACC8C10B941}"
EndProject
Project("{FAE04EC0-301F-11D3-BF4B-00C04F79EFBC}") = "Unity.TextMeshPro.Editor", "Unity.TextMeshPro.Editor.csproj", "{F1CAF419-62B9-8244-777C-C833660E5E58}"
EndProject
Project("{FAE04EC0-301F-11D3-BF4B-00C04F79EFBC}") = "Unity.2D.SpriteShape.Editor", "Unity.2D.SpriteShape.Editor.csproj", "{FAE6ABB2-98D5-9F9D-EF09-F45D24817725}"
EndProject
Project("{FAE04EC0-301F-11D3-BF4B-00C04F79EFBC}") = "Unity.CollabProxy.Editor", "Unity.CollabProxy.Editor.csproj", "{33BB42BB-BD38-3D8E-A916-1FC462D76817}"
EndProject
Project("{FAE04EC0-301F-11D3-BF4B-00C04F79EFBC}") = "PsdPlugin", "PsdPlugin.csproj", "{D7C85DD7-533B-F532-22D0-BCFAC821FFD7}"
EndProject
Project("{FAE04EC0-301F-11D3-BF4B-00C04F79EFBC}") = "Unity.2D.Path.Editor", "Unity.2D.Path.Editor.csproj", "{71E39AE8-0259-D6FA-A103-1131875D826F}"
EndProject
Project("{FAE04EC0-301F-11D3-BF4B-00C04F79EFBC}") = "Unity.Rider.Editor", "Unity.Rider.Editor.csproj", "{4C956F29-507B-0E86-1EDF-F783C069DE9E}"
EndProject
Project("{FAE04EC0-301F-11D3-BF4B-00C04F79EFBC}") = "Unity.2D.IK.Editor", "Unity.2D.IK.Editor.csproj", "{A60AF133-660A-E9B4-5882-ED2850E105CA}"
EndProject
Project("{FAE04EC0-301F-11D3-BF4B-00C04F79EFBC}") = "Unity.2D.Sprite.Editor", "Unity.2D.Sprite.Editor.csproj", "{8A8073B6-A25D-BF9E-EF25-ABA89A8ECDC1}"
EndProject
Project("{FAE04EC0-301F-11D3-BF4B-00C04F79EFBC}") = "Unity.2D.Tilemap.Editor", "Unity.2D.Tilemap.Editor.csproj", "{922E5083-451E-F71F-D3FE-D94CF5245D12}"
EndProject
Project("{FAE04EC0-301F-11D3-BF4B-00C04F79EFBC}") = "Unity.2D.PixelPerfect.Editor", "Unity.2D.PixelPerfect.Editor.csproj", "{D7D335A4-3FF1-BE33-225B-3819DBEB6388}"
EndProject
Project("{FAE04EC0-301F-11D3-BF4B-00C04F79EFBC}") = "Unity.VSCode.Editor", "Unity.VSCode.Editor.csproj", "{0D9D41AC-E7E3-C90E-0F0C-DB4C8B72481A}"
EndProject
Project("{FAE04EC0-301F-11D3-BF4B-00C04F79EFBC}") = "Unity.2D.Common.Editor", "Unity.2D.Common.Editor.csproj", "{CE47FDEE-6574-D45B-9094-FE9988E5D8FC}"
EndProject
Project("{FAE04EC0-301F-11D3-BF4B-00C04F79EFBC}") = "Unity.Mathematics.Editor", "Unity.Mathematics.Editor.csproj", "{A306EB3D-4B0B-20AC-4198-37EC07A517DB}"
EndProject
Project("{FAE04EC0-301F-11D3-BF4B-00C04F79EFBC}") = "Unity.InternalAPIEditorBridge.001", "Unity.InternalAPIEditorBridge.001.csproj", "{64C1103D-D770-8D84-94F0-9C57EC6EF38E}"
EndProject
Project("{FAE04EC0-301F-11D3-BF4B-00C04F79EFBC}") = "UnityEngine.UI", "UnityEngine.UI.Player.csproj", "{8865CB43-957A-8209-AACB-6CE4D6B33BE0}"
EndProject
Project("{FAE04EC0-301F-11D3-BF4B-00C04F79EFBC}") = "UnityEngine.TestRunner", "UnityEngine.TestRunner.Player.csproj", "{92BCB7A9-BCD8-B5FA-7E59-459561FEC216}"
EndProject
Project("{FAE04EC0-301F-11D3-BF4B-00C04F79EFBC}") = "Unity.Mathematics", "Unity.Mathematics.Player.csproj", "{61C63BA1-DAE2-8751-94DB-F9FCB52485A9}"
EndProject
Project("{FAE04EC0-301F-11D3-BF4B-00C04F79EFBC}") = "Unity.Timeline", "Unity.Timeline.Player.csproj", "{DB24D76C-6D86-E3FB-A512-E1AB5BECA168}"
EndProject
Project("{FAE04EC0-301F-11D3-BF4B-00C04F79EFBC}") = "Unity.TextMeshPro", "Unity.TextMeshPro.Player.csproj", "{1BBF8AB3-C02F-74E7-3F14-86AFCED8B31F}"
EndProject
Project("{FAE04EC0-301F-11D3-BF4B-00C04F79EFBC}") = "Unity.2D.Animation.Runtime", "Unity.2D.Animation.Runtime.Player.csproj", "{F2E3D15A-8CEB-EEFD-8389-5E9D02335EE6}"
EndProject
Project("{FAE04EC0-301F-11D3-BF4B-00C04F79EFBC}") = "Unity.2D.IK.Runtime", "Unity.2D.IK.Runtime.Player.csproj", "{5223FB63-8FB8-4DBD-66E5-7825CC1B5477}"
EndProject
Project("{FAE04EC0-301F-11D3-BF4B-00C04F79EFBC}") = "Unity.2D.SpriteShape.Runtime", "Unity.2D.SpriteShape.Runtime.Player.csproj", "{461FEB8F-1DBA-2C09-FCD3-D4225A57F74D}"
EndProject
Project("{FAE04EC0-301F-11D3-BF4B-00C04F79EFBC}") = "Assembly-CSharp", "Assembly-CSharp.Player.csproj", "{5874139B-786E-E813-1D4B-66A26F5B3E6C}"
EndProject
Project("{FAE04EC0-301F-11D3-BF4B-00C04F79EFBC}") = "Unity.2D.PixelPerfect", "Unity.2D.PixelPerfect.Player.csproj", "{0BF7A7FD-DEAB-DC17-0022-2493A2964A0A}"
EndProject
Project("{FAE04EC0-301F-11D3-BF4B-00C04F79EFBC}") = "Unity.2D.Common.Runtime", "Unity.2D.Common.Runtime.Player.csproj", "{8F1107FE-2570-094E-E0C6-5D9091EF2459}"
EndProject
Project("{FAE04EC0-301F-11D3-BF4B-00C04F79EFBC}") = "Unity.InternalAPIEngineBridge.001", "Unity.InternalAPIEngineBridge.001.Player.csproj", "{A2D14FFC-A329-29BB-6496-04CB32E51542}"
EndProject
Global
	GlobalSection(SolutionConfigurationPlatforms) = preSolution
		Debug|Any CPU = Debug|Any CPU
		Release|Any CPU = Release|Any CPU
	EndGlobalSection
	GlobalSection(ProjectConfigurationPlatforms) = postSolution
		{25B091B2-5BFE-513F-B792-CA21ABEC489A}.Debug|Any CPU.ActiveCfg = Debug|Any CPU
		{25B091B2-5BFE-513F-B792-CA21ABEC489A}.Debug|Any CPU.Build.0 = Debug|Any CPU
		{25B091B2-5BFE-513F-B792-CA21ABEC489A}.Release|Any CPU.ActiveCfg = Release|Any CPU
		{25B091B2-5BFE-513F-B792-CA21ABEC489A}.Release|Any CPU.Build.0 = Release|Any CPU
		{E074CAB0-BB89-27D1-E404-D19741A8D494}.Debug|Any CPU.ActiveCfg = Debug|Any CPU
		{E074CAB0-BB89-27D1-E404-D19741A8D494}.Debug|Any CPU.Build.0 = Debug|Any CPU
		{E074CAB0-BB89-27D1-E404-D19741A8D494}.Release|Any CPU.ActiveCfg = Release|Any CPU
		{E074CAB0-BB89-27D1-E404-D19741A8D494}.Release|Any CPU.Build.0 = Release|Any CPU
		{EF551135-81DC-272B-08DB-E9287CC0CA54}.Debug|Any CPU.ActiveCfg = Debug|Any CPU
		{EF551135-81DC-272B-08DB-E9287CC0CA54}.Debug|Any CPU.Build.0 = Debug|Any CPU
		{EF551135-81DC-272B-08DB-E9287CC0CA54}.Release|Any CPU.ActiveCfg = Release|Any CPU
		{EF551135-81DC-272B-08DB-E9287CC0CA54}.Release|Any CPU.Build.0 = Release|Any CPU
		{B387E6A6-6864-FE91-B7D8-F1236155AA45}.Debug|Any CPU.ActiveCfg = Debug|Any CPU
		{B387E6A6-6864-FE91-B7D8-F1236155AA45}.Debug|Any CPU.Build.0 = Debug|Any CPU
		{B387E6A6-6864-FE91-B7D8-F1236155AA45}.Release|Any CPU.ActiveCfg = Release|Any CPU
		{B387E6A6-6864-FE91-B7D8-F1236155AA45}.Release|Any CPU.Build.0 = Release|Any CPU
		{D658A22C-BCAB-0167-8C57-4F7337183601}.Debug|Any CPU.ActiveCfg = Debug|Any CPU
		{D658A22C-BCAB-0167-8C57-4F7337183601}.Debug|Any CPU.Build.0 = Debug|Any CPU
		{D658A22C-BCAB-0167-8C57-4F7337183601}.Release|Any CPU.ActiveCfg = Release|Any CPU
		{D658A22C-BCAB-0167-8C57-4F7337183601}.Release|Any CPU.Build.0 = Release|Any CPU
		{175EFA3A-B44E-C572-1EA7-6D08748F0272}.Debug|Any CPU.ActiveCfg = Debug|Any CPU
		{175EFA3A-B44E-C572-1EA7-6D08748F0272}.Debug|Any CPU.Build.0 = Debug|Any CPU
		{175EFA3A-B44E-C572-1EA7-6D08748F0272}.Release|Any CPU.ActiveCfg = Release|Any CPU
		{175EFA3A-B44E-C572-1EA7-6D08748F0272}.Release|Any CPU.Build.0 = Release|Any CPU
		{705D7CA7-221D-B63C-79FB-129AFEFD6A6E}.Debug|Any CPU.ActiveCfg = Debug|Any CPU
		{705D7CA7-221D-B63C-79FB-129AFEFD6A6E}.Debug|Any CPU.Build.0 = Debug|Any CPU
		{705D7CA7-221D-B63C-79FB-129AFEFD6A6E}.Release|Any CPU.ActiveCfg = Release|Any CPU
		{705D7CA7-221D-B63C-79FB-129AFEFD6A6E}.Release|Any CPU.Build.0 = Release|Any CPU
		{745BA62D-2674-6318-2E05-CB06BAABB0A4}.Debug|Any CPU.ActiveCfg = Debug|Any CPU
		{745BA62D-2674-6318-2E05-CB06BAABB0A4}.Debug|Any CPU.Build.0 = Debug|Any CPU
		{745BA62D-2674-6318-2E05-CB06BAABB0A4}.Release|Any CPU.ActiveCfg = Release|Any CPU
		{745BA62D-2674-6318-2E05-CB06BAABB0A4}.Release|Any CPU.Build.0 = Release|Any CPU
		{94EF54E2-07B9-9DB2-5D28-E5A016B72F4D}.Debug|Any CPU.ActiveCfg = Debug|Any CPU
		{94EF54E2-07B9-9DB2-5D28-E5A016B72F4D}.Debug|Any CPU.Build.0 = Debug|Any CPU
		{94EF54E2-07B9-9DB2-5D28-E5A016B72F4D}.Release|Any CPU.ActiveCfg = Release|Any CPU
		{94EF54E2-07B9-9DB2-5D28-E5A016B72F4D}.Release|Any CPU.Build.0 = Release|Any CPU
		{E5CFB313-3965-DEC7-62A5-29129352FA4E}.Debug|Any CPU.ActiveCfg = Debug|Any CPU
		{E5CFB313-3965-DEC7-62A5-29129352FA4E}.Debug|Any CPU.Build.0 = Debug|Any CPU
		{E5CFB313-3965-DEC7-62A5-29129352FA4E}.Release|Any CPU.ActiveCfg = Release|Any CPU
		{E5CFB313-3965-DEC7-62A5-29129352FA4E}.Release|Any CPU.Build.0 = Release|Any CPU
		{F9627333-F763-0C90-B49B-309083E1BE29}.Debug|Any CPU.ActiveCfg = Debug|Any CPU
		{F9627333-F763-0C90-B49B-309083E1BE29}.Debug|Any CPU.Build.0 = Debug|Any CPU
		{F9627333-F763-0C90-B49B-309083E1BE29}.Release|Any CPU.ActiveCfg = Release|Any CPU
		{F9627333-F763-0C90-B49B-309083E1BE29}.Release|Any CPU.Build.0 = Release|Any CPU
		{7DD3F6C1-1B4B-AAE6-A948-BB80428C2125}.Debug|Any CPU.ActiveCfg = Debug|Any CPU
		{7DD3F6C1-1B4B-AAE6-A948-BB80428C2125}.Debug|Any CPU.Build.0 = Debug|Any CPU
		{7DD3F6C1-1B4B-AAE6-A948-BB80428C2125}.Release|Any CPU.ActiveCfg = Release|Any CPU
		{7DD3F6C1-1B4B-AAE6-A948-BB80428C2125}.Release|Any CPU.Build.0 = Release|Any CPU
		{7AF29CA2-71F1-8A29-47D2-647A7320F295}.Debug|Any CPU.ActiveCfg = Debug|Any CPU
		{7AF29CA2-71F1-8A29-47D2-647A7320F295}.Debug|Any CPU.Build.0 = Debug|Any CPU
		{7AF29CA2-71F1-8A29-47D2-647A7320F295}.Release|Any CPU.ActiveCfg = Release|Any CPU
		{7AF29CA2-71F1-8A29-47D2-647A7320F295}.Release|Any CPU.Build.0 = Release|Any CPU
		{F58208B4-40CB-9439-9419-7246B4CDD87A}.Debug|Any CPU.ActiveCfg = Debug|Any CPU
		{F58208B4-40CB-9439-9419-7246B4CDD87A}.Debug|Any CPU.Build.0 = Debug|Any CPU
		{F58208B4-40CB-9439-9419-7246B4CDD87A}.Release|Any CPU.ActiveCfg = Release|Any CPU
		{F58208B4-40CB-9439-9419-7246B4CDD87A}.Release|Any CPU.Build.0 = Release|Any CPU
		{B673F938-3812-F403-DD81-B6D59DFA3D4F}.Debug|Any CPU.ActiveCfg = Debug|Any CPU
		{B673F938-3812-F403-DD81-B6D59DFA3D4F}.Debug|Any CPU.Build.0 = Debug|Any CPU
		{B673F938-3812-F403-DD81-B6D59DFA3D4F}.Release|Any CPU.ActiveCfg = Release|Any CPU
		{B673F938-3812-F403-DD81-B6D59DFA3D4F}.Release|Any CPU.Build.0 = Release|Any CPU
		{63044EF0-F4C4-AB29-E94F-2F8E3B051810}.Debug|Any CPU.ActiveCfg = Debug|Any CPU
		{63044EF0-F4C4-AB29-E94F-2F8E3B051810}.Debug|Any CPU.Build.0 = Debug|Any CPU
		{63044EF0-F4C4-AB29-E94F-2F8E3B051810}.Release|Any CPU.ActiveCfg = Release|Any CPU
		{63044EF0-F4C4-AB29-E94F-2F8E3B051810}.Release|Any CPU.Build.0 = Release|Any CPU
		{6D490B4E-2D30-6114-930B-E9D9C57C888B}.Debug|Any CPU.ActiveCfg = Debug|Any CPU
		{6D490B4E-2D30-6114-930B-E9D9C57C888B}.Debug|Any CPU.Build.0 = Debug|Any CPU
		{6D490B4E-2D30-6114-930B-E9D9C57C888B}.Release|Any CPU.ActiveCfg = Release|Any CPU
		{6D490B4E-2D30-6114-930B-E9D9C57C888B}.Release|Any CPU.Build.0 = Release|Any CPU
		{36FFE77F-4C58-BA0E-824E-BA9F5504EC35}.Debug|Any CPU.ActiveCfg = Debug|Any CPU
		{36FFE77F-4C58-BA0E-824E-BA9F5504EC35}.Debug|Any CPU.Build.0 = Debug|Any CPU
		{36FFE77F-4C58-BA0E-824E-BA9F5504EC35}.Release|Any CPU.ActiveCfg = Release|Any CPU
		{36FFE77F-4C58-BA0E-824E-BA9F5504EC35}.Release|Any CPU.Build.0 = Release|Any CPU
		{A4A45DC3-BE5C-A4E0-7B0B-D758F5F00C21}.Debug|Any CPU.ActiveCfg = Debug|Any CPU
		{A4A45DC3-BE5C-A4E0-7B0B-D758F5F00C21}.Debug|Any CPU.Build.0 = Debug|Any CPU
		{A4A45DC3-BE5C-A4E0-7B0B-D758F5F00C21}.Release|Any CPU.ActiveCfg = Release|Any CPU
		{A4A45DC3-BE5C-A4E0-7B0B-D758F5F00C21}.Release|Any CPU.Build.0 = Release|Any CPU
		{D00F7675-250A-E1B1-3307-AABB0C116FCA}.Debug|Any CPU.ActiveCfg = Debug|Any CPU
		{D00F7675-250A-E1B1-3307-AABB0C116FCA}.Debug|Any CPU.Build.0 = Debug|Any CPU
		{D00F7675-250A-E1B1-3307-AABB0C116FCA}.Release|Any CPU.ActiveCfg = Release|Any CPU
		{D00F7675-250A-E1B1-3307-AABB0C116FCA}.Release|Any CPU.Build.0 = Release|Any CPU
		{00A96018-9340-969F-E639-1ACC8C10B941}.Debug|Any CPU.ActiveCfg = Debug|Any CPU
		{00A96018-9340-969F-E639-1ACC8C10B941}.Debug|Any CPU.Build.0 = Debug|Any CPU
		{00A96018-9340-969F-E639-1ACC8C10B941}.Release|Any CPU.ActiveCfg = Release|Any CPU
		{00A96018-9340-969F-E639-1ACC8C10B941}.Release|Any CPU.Build.0 = Release|Any CPU
		{F1CAF419-62B9-8244-777C-C833660E5E58}.Debug|Any CPU.ActiveCfg = Debug|Any CPU
		{F1CAF419-62B9-8244-777C-C833660E5E58}.Debug|Any CPU.Build.0 = Debug|Any CPU
		{F1CAF419-62B9-8244-777C-C833660E5E58}.Release|Any CPU.ActiveCfg = Release|Any CPU
		{F1CAF419-62B9-8244-777C-C833660E5E58}.Release|Any CPU.Build.0 = Release|Any CPU
		{FAE6ABB2-98D5-9F9D-EF09-F45D24817725}.Debug|Any CPU.ActiveCfg = Debug|Any CPU
		{FAE6ABB2-98D5-9F9D-EF09-F45D24817725}.Debug|Any CPU.Build.0 = Debug|Any CPU
		{FAE6ABB2-98D5-9F9D-EF09-F45D24817725}.Release|Any CPU.ActiveCfg = Release|Any CPU
		{FAE6ABB2-98D5-9F9D-EF09-F45D24817725}.Release|Any CPU.Build.0 = Release|Any CPU
		{33BB42BB-BD38-3D8E-A916-1FC462D76817}.Debug|Any CPU.ActiveCfg = Debug|Any CPU
		{33BB42BB-BD38-3D8E-A916-1FC462D76817}.Debug|Any CPU.Build.0 = Debug|Any CPU
		{33BB42BB-BD38-3D8E-A916-1FC462D76817}.Release|Any CPU.ActiveCfg = Release|Any CPU
		{33BB42BB-BD38-3D8E-A916-1FC462D76817}.Release|Any CPU.Build.0 = Release|Any CPU
		{D7C85DD7-533B-F532-22D0-BCFAC821FFD7}.Debug|Any CPU.ActiveCfg = Debug|Any CPU
		{D7C85DD7-533B-F532-22D0-BCFAC821FFD7}.Debug|Any CPU.Build.0 = Debug|Any CPU
		{D7C85DD7-533B-F532-22D0-BCFAC821FFD7}.Release|Any CPU.ActiveCfg = Release|Any CPU
		{D7C85DD7-533B-F532-22D0-BCFAC821FFD7}.Release|Any CPU.Build.0 = Release|Any CPU
		{71E39AE8-0259-D6FA-A103-1131875D826F}.Debug|Any CPU.ActiveCfg = Debug|Any CPU
		{71E39AE8-0259-D6FA-A103-1131875D826F}.Debug|Any CPU.Build.0 = Debug|Any CPU
		{71E39AE8-0259-D6FA-A103-1131875D826F}.Release|Any CPU.ActiveCfg = Release|Any CPU
		{71E39AE8-0259-D6FA-A103-1131875D826F}.Release|Any CPU.Build.0 = Release|Any CPU
		{4C956F29-507B-0E86-1EDF-F783C069DE9E}.Debug|Any CPU.ActiveCfg = Debug|Any CPU
		{4C956F29-507B-0E86-1EDF-F783C069DE9E}.Debug|Any CPU.Build.0 = Debug|Any CPU
		{4C956F29-507B-0E86-1EDF-F783C069DE9E}.Release|Any CPU.ActiveCfg = Release|Any CPU
		{4C956F29-507B-0E86-1EDF-F783C069DE9E}.Release|Any CPU.Build.0 = Release|Any CPU
		{A60AF133-660A-E9B4-5882-ED2850E105CA}.Debug|Any CPU.ActiveCfg = Debug|Any CPU
		{A60AF133-660A-E9B4-5882-ED2850E105CA}.Debug|Any CPU.Build.0 = Debug|Any CPU
		{A60AF133-660A-E9B4-5882-ED2850E105CA}.Release|Any CPU.ActiveCfg = Release|Any CPU
		{A60AF133-660A-E9B4-5882-ED2850E105CA}.Release|Any CPU.Build.0 = Release|Any CPU
		{8A8073B6-A25D-BF9E-EF25-ABA89A8ECDC1}.Debug|Any CPU.ActiveCfg = Debug|Any CPU
		{8A8073B6-A25D-BF9E-EF25-ABA89A8ECDC1}.Debug|Any CPU.Build.0 = Debug|Any CPU
		{8A8073B6-A25D-BF9E-EF25-ABA89A8ECDC1}.Release|Any CPU.ActiveCfg = Release|Any CPU
		{8A8073B6-A25D-BF9E-EF25-ABA89A8ECDC1}.Release|Any CPU.Build.0 = Release|Any CPU
		{922E5083-451E-F71F-D3FE-D94CF5245D12}.Debug|Any CPU.ActiveCfg = Debug|Any CPU
		{922E5083-451E-F71F-D3FE-D94CF5245D12}.Debug|Any CPU.Build.0 = Debug|Any CPU
		{922E5083-451E-F71F-D3FE-D94CF5245D12}.Release|Any CPU.ActiveCfg = Release|Any CPU
		{922E5083-451E-F71F-D3FE-D94CF5245D12}.Release|Any CPU.Build.0 = Release|Any CPU
		{D7D335A4-3FF1-BE33-225B-3819DBEB6388}.Debug|Any CPU.ActiveCfg = Debug|Any CPU
		{D7D335A4-3FF1-BE33-225B-3819DBEB6388}.Debug|Any CPU.Build.0 = Debug|Any CPU
		{D7D335A4-3FF1-BE33-225B-3819DBEB6388}.Release|Any CPU.ActiveCfg = Release|Any CPU
		{D7D335A4-3FF1-BE33-225B-3819DBEB6388}.Release|Any CPU.Build.0 = Release|Any CPU
		{0D9D41AC-E7E3-C90E-0F0C-DB4C8B72481A}.Debug|Any CPU.ActiveCfg = Debug|Any CPU
		{0D9D41AC-E7E3-C90E-0F0C-DB4C8B72481A}.Debug|Any CPU.Build.0 = Debug|Any CPU
		{0D9D41AC-E7E3-C90E-0F0C-DB4C8B72481A}.Release|Any CPU.ActiveCfg = Release|Any CPU
		{0D9D41AC-E7E3-C90E-0F0C-DB4C8B72481A}.Release|Any CPU.Build.0 = Release|Any CPU
		{CE47FDEE-6574-D45B-9094-FE9988E5D8FC}.Debug|Any CPU.ActiveCfg = Debug|Any CPU
		{CE47FDEE-6574-D45B-9094-FE9988E5D8FC}.Debug|Any CPU.Build.0 = Debug|Any CPU
		{CE47FDEE-6574-D45B-9094-FE9988E5D8FC}.Release|Any CPU.ActiveCfg = Release|Any CPU
		{CE47FDEE-6574-D45B-9094-FE9988E5D8FC}.Release|Any CPU.Build.0 = Release|Any CPU
		{A306EB3D-4B0B-20AC-4198-37EC07A517DB}.Debug|Any CPU.ActiveCfg = Debug|Any CPU
		{A306EB3D-4B0B-20AC-4198-37EC07A517DB}.Debug|Any CPU.Build.0 = Debug|Any CPU
		{A306EB3D-4B0B-20AC-4198-37EC07A517DB}.Release|Any CPU.ActiveCfg = Release|Any CPU
		{A306EB3D-4B0B-20AC-4198-37EC07A517DB}.Release|Any CPU.Build.0 = Release|Any CPU
		{64C1103D-D770-8D84-94F0-9C57EC6EF38E}.Debug|Any CPU.ActiveCfg = Debug|Any CPU
		{64C1103D-D770-8D84-94F0-9C57EC6EF38E}.Debug|Any CPU.Build.0 = Debug|Any CPU
		{64C1103D-D770-8D84-94F0-9C57EC6EF38E}.Release|Any CPU.ActiveCfg = Release|Any CPU
		{64C1103D-D770-8D84-94F0-9C57EC6EF38E}.Release|Any CPU.Build.0 = Release|Any CPU
		{8865CB43-957A-8209-AACB-6CE4D6B33BE0}.Debug|Any CPU.ActiveCfg = Debug|Any CPU
		{8865CB43-957A-8209-AACB-6CE4D6B33BE0}.Debug|Any CPU.Build.0 = Debug|Any CPU
		{8865CB43-957A-8209-AACB-6CE4D6B33BE0}.Release|Any CPU.ActiveCfg = Release|Any CPU
		{8865CB43-957A-8209-AACB-6CE4D6B33BE0}.Release|Any CPU.Build.0 = Release|Any CPU
		{92BCB7A9-BCD8-B5FA-7E59-459561FEC216}.Debug|Any CPU.ActiveCfg = Debug|Any CPU
		{92BCB7A9-BCD8-B5FA-7E59-459561FEC216}.Debug|Any CPU.Build.0 = Debug|Any CPU
		{92BCB7A9-BCD8-B5FA-7E59-459561FEC216}.Release|Any CPU.ActiveCfg = Release|Any CPU
		{92BCB7A9-BCD8-B5FA-7E59-459561FEC216}.Release|Any CPU.Build.0 = Release|Any CPU
		{61C63BA1-DAE2-8751-94DB-F9FCB52485A9}.Debug|Any CPU.ActiveCfg = Debug|Any CPU
		{61C63BA1-DAE2-8751-94DB-F9FCB52485A9}.Debug|Any CPU.Build.0 = Debug|Any CPU
		{61C63BA1-DAE2-8751-94DB-F9FCB52485A9}.Release|Any CPU.ActiveCfg = Release|Any CPU
		{61C63BA1-DAE2-8751-94DB-F9FCB52485A9}.Release|Any CPU.Build.0 = Release|Any CPU
		{DB24D76C-6D86-E3FB-A512-E1AB5BECA168}.Debug|Any CPU.ActiveCfg = Debug|Any CPU
		{DB24D76C-6D86-E3FB-A512-E1AB5BECA168}.Debug|Any CPU.Build.0 = Debug|Any CPU
		{DB24D76C-6D86-E3FB-A512-E1AB5BECA168}.Release|Any CPU.ActiveCfg = Release|Any CPU
		{DB24D76C-6D86-E3FB-A512-E1AB5BECA168}.Release|Any CPU.Build.0 = Release|Any CPU
		{1BBF8AB3-C02F-74E7-3F14-86AFCED8B31F}.Debug|Any CPU.ActiveCfg = Debug|Any CPU
		{1BBF8AB3-C02F-74E7-3F14-86AFCED8B31F}.Debug|Any CPU.Build.0 = Debug|Any CPU
		{1BBF8AB3-C02F-74E7-3F14-86AFCED8B31F}.Release|Any CPU.ActiveCfg = Release|Any CPU
		{1BBF8AB3-C02F-74E7-3F14-86AFCED8B31F}.Release|Any CPU.Build.0 = Release|Any CPU
		{F2E3D15A-8CEB-EEFD-8389-5E9D02335EE6}.Debug|Any CPU.ActiveCfg = Debug|Any CPU
		{F2E3D15A-8CEB-EEFD-8389-5E9D02335EE6}.Debug|Any CPU.Build.0 = Debug|Any CPU
		{F2E3D15A-8CEB-EEFD-8389-5E9D02335EE6}.Release|Any CPU.ActiveCfg = Release|Any CPU
		{F2E3D15A-8CEB-EEFD-8389-5E9D02335EE6}.Release|Any CPU.Build.0 = Release|Any CPU
		{5223FB63-8FB8-4DBD-66E5-7825CC1B5477}.Debug|Any CPU.ActiveCfg = Debug|Any CPU
		{5223FB63-8FB8-4DBD-66E5-7825CC1B5477}.Debug|Any CPU.Build.0 = Debug|Any CPU
		{5223FB63-8FB8-4DBD-66E5-7825CC1B5477}.Release|Any CPU.ActiveCfg = Release|Any CPU
		{5223FB63-8FB8-4DBD-66E5-7825CC1B5477}.Release|Any CPU.Build.0 = Release|Any CPU
		{461FEB8F-1DBA-2C09-FCD3-D4225A57F74D}.Debug|Any CPU.ActiveCfg = Debug|Any CPU
		{461FEB8F-1DBA-2C09-FCD3-D4225A57F74D}.Debug|Any CPU.Build.0 = Debug|Any CPU
		{461FEB8F-1DBA-2C09-FCD3-D4225A57F74D}.Release|Any CPU.ActiveCfg = Release|Any CPU
		{461FEB8F-1DBA-2C09-FCD3-D4225A57F74D}.Release|Any CPU.Build.0 = Release|Any CPU
		{5874139B-786E-E813-1D4B-66A26F5B3E6C}.Debug|Any CPU.ActiveCfg = Debug|Any CPU
		{5874139B-786E-E813-1D4B-66A26F5B3E6C}.Debug|Any CPU.Build.0 = Debug|Any CPU
		{5874139B-786E-E813-1D4B-66A26F5B3E6C}.Release|Any CPU.ActiveCfg = Release|Any CPU
		{5874139B-786E-E813-1D4B-66A26F5B3E6C}.Release|Any CPU.Build.0 = Release|Any CPU
		{0BF7A7FD-DEAB-DC17-0022-2493A2964A0A}.Debug|Any CPU.ActiveCfg = Debug|Any CPU
		{0BF7A7FD-DEAB-DC17-0022-2493A2964A0A}.Debug|Any CPU.Build.0 = Debug|Any CPU
		{0BF7A7FD-DEAB-DC17-0022-2493A2964A0A}.Release|Any CPU.ActiveCfg = Release|Any CPU
		{0BF7A7FD-DEAB-DC17-0022-2493A2964A0A}.Release|Any CPU.Build.0 = Release|Any CPU
		{8F1107FE-2570-094E-E0C6-5D9091EF2459}.Debug|Any CPU.ActiveCfg = Debug|Any CPU
		{8F1107FE-2570-094E-E0C6-5D9091EF2459}.Debug|Any CPU.Build.0 = Debug|Any CPU
		{8F1107FE-2570-094E-E0C6-5D9091EF2459}.Release|Any CPU.ActiveCfg = Release|Any CPU
		{8F1107FE-2570-094E-E0C6-5D9091EF2459}.Release|Any CPU.Build.0 = Release|Any CPU
		{A2D14FFC-A329-29BB-6496-04CB32E51542}.Debug|Any CPU.ActiveCfg = Debug|Any CPU
		{A2D14FFC-A329-29BB-6496-04CB32E51542}.Debug|Any CPU.Build.0 = Debug|Any CPU
		{A2D14FFC-A329-29BB-6496-04CB32E51542}.Release|Any CPU.ActiveCfg = Release|Any CPU
		{A2D14FFC-A329-29BB-6496-04CB32E51542}.Release|Any CPU.Build.0 = Release|Any CPU
	EndGlobalSection
	GlobalSection(SolutionProperties) = preSolution
		HideSolutionNode = FALSE
	EndGlobalSection
EndGlobal
